
Microsoft Visual Studio Solution File, Format Version 12.00
# Visual Studio Version 17
VisualStudioVersion = 17.5.002.0
MinimumVisualStudioVersion = 10.0.40219.1
Project("{2150E333-8FDC-42A3-9474-1A3956D46DE8}") = "src", "src", "{25E5AFC2-799E-4719-BD60-8285F92780D4}"
EndProject
Project("{2150E333-8FDC-42A3-9474-1A3956D46DE8}") = "backend", "backend", "{8271D95F-940B-4916-AA7C-6416A15F8D79}"
EndProject
Project("{9A19103F-16F7-4668-BE54-9A1E7A4F7556}") = "API", "src\backend\API\API.csproj", "{E90AA9FD-DB35-4128-8CE8-03063A7DF78F}"
EndProject
Global
	GlobalSection(SolutionConfigurationPlatforms) = preSolution
		Debug|Any CPU = Debug|Any CPU
		Release|Any CPU = Release|Any CPU
	EndGlobalSection
	GlobalSection(ProjectConfigurationPlatforms) = postSolution
		{E90AA9FD-DB35-4128-8CE8-03063A7DF78F}.Debug|Any CPU.ActiveCfg = Debug|Any CPU
		{E90AA9FD-DB35-4128-8CE8-03063A7DF78F}.Debug|Any CPU.Build.0 = Debug|Any CPU
		{E90AA9FD-DB35-4128-8CE8-03063A7DF78F}.Release|Any CPU.ActiveCfg = Release|Any CPU
		{E90AA9FD-DB35-4128-8CE8-03063A7DF78F}.Release|Any CPU.Build.0 = Release|Any CPU
	EndGlobalSection
	GlobalSection(SolutionProperties) = preSolution
		HideSolutionNode = FALSE
	EndGlobalSection
	GlobalSection(NestedProjects) = preSolution
		{8271D95F-940B-4916-AA7C-6416A15F8D79} = {25E5AFC2-799E-4719-BD60-8285F92780D4}
		{E90AA9FD-DB35-4128-8CE8-03063A7DF78F} = {8271D95F-940B-4916-AA7C-6416A15F8D79}
	EndGlobalSection
	GlobalSection(ExtensibilityGlobals) = postSolution
		SolutionGuid = {2A9D7759-F2B0-450A-B10F-07FACB4B8B1B}
	EndGlobalSection
EndGlobal
